
Microsoft Visual Studio Solution File, Format Version 12.00
# Visual Studio Version 16
VisualStudioVersion = 16.0.31911.196
MinimumVisualStudioVersion = 10.0.40219.1
Project("{FAE04EC0-301F-11D3-BF4B-00C04F79EFBC}") = "WindowsFormsApp1", "WindowsFormsApp1\WindowsFormsApp1.csproj", "{8F5D9212-1C1D-4370-9564-FC8267FBA176}"
EndProject
Global
	GlobalSection(SolutionConfigurationPlatforms) = preSolution
		Debug|Any CPU = Debug|Any CPU
		Release|Any CPU = Release|Any CPU
	EndGlobalSection
	GlobalSection(ProjectConfigurationPlatforms) = postSolution
		{8F5D9212-1C1D-4370-9564-FC8267FBA176}.Debug|Any CPU.ActiveCfg = Debug|Any CPU
		{8F5D9212-1C1D-4370-9564-FC8267FBA176}.Debug|Any CPU.Build.0 = Debug|Any CPU
		{8F5D9212-1C1D-4370-9564-FC8267FBA176}.Release|Any CPU.ActiveCfg = Release|Any CPU
		{8F5D9212-1C1D-4370-9564-FC8267FBA176}.Release|Any CPU.Build.0 = Release|Any CPU
	EndGlobalSection
	GlobalSection(SolutionProperties) = preSolution
		HideSolutionNode = FALSE
	EndGlobalSection
	GlobalSection(ExtensibilityGlobals) = postSolution
		SolutionGuid = {EF6B348B-B762-411B-8738-48F5198DBDD3}
	EndGlobalSection
EndGlobal
